
Microsoft Visual Studio Solution File, Format Version 12.00
# Visual Studio 15
VisualStudioVersion = 15.0.28307.106
MinimumVisualStudioVersion = 10.0.40219.1
Project("{9A19103F-16F7-4668-BE54-9A1E7A4F7556}") = "InfinityLibrary.Server", "InfinityLibrary.Server\InfinityLibrary.Server.csproj", "{338D16DF-114E-4CDF-A347-63FB8FF80A4D}"
EndProject
Project("{9A19103F-16F7-4668-BE54-9A1E7A4F7556}") = "InfinityLibrary.Client", "InfinityLibrary.Client\InfinityLibrary.Client.csproj", "{463AA04F-C0E4-4927-BE97-ECA7FF4A022E}"
EndProject
Project("{9A19103F-16F7-4668-BE54-9A1E7A4F7556}") = "InfinityLibrary.Shared", "InfinityLibrary.Shared\InfinityLibrary.Shared.csproj", "{7D4E29C5-0095-420D-8175-C02E37CA5268}"
EndProject
Project("{FAE04EC0-301F-11D3-BF4B-00C04F79EFBC}") = "InfinityLibrary.SimpleJson", "InfinityLibrary.SimpleJson\InfinityLibrary.SimpleJson.csproj", "{B57F73BB-4B32-43EF-8E97-03A471163D68}"
EndProject
Project("{FAE04EC0-301F-11D3-BF4B-00C04F79EFBC}") = "InfinityLibrary.Database", "InfinityLibrary.Database\InfinityLibrary.Database.csproj", "{9F34B0AD-7079-4B16-B4B8-63E49DD3DAEF}"
EndProject
Project("{FAE04EC0-301F-11D3-BF4B-00C04F79EFBC}") = "InfinityLibrary.Core", "InfinityLibrary.Core\InfinityLibrary.Core.csproj", "{A34BB352-C6C7-489B-8932-37ABD5BD7C49}"
EndProject
Project("{FAE04EC0-301F-11D3-BF4B-00C04F79EFBC}") = "InfinityLibrary.Providers", "InfinityLibrary.Providers\InfinityLibrary.Providers.csproj", "{10A87C55-0D80-46E7-AB3C-35A79655D939}"
EndProject
Global
	GlobalSection(SolutionConfigurationPlatforms) = preSolution
		Debug|Any CPU = Debug|Any CPU
		Release|Any CPU = Release|Any CPU
	EndGlobalSection
	GlobalSection(ProjectConfigurationPlatforms) = postSolution
		{338D16DF-114E-4CDF-A347-63FB8FF80A4D}.Debug|Any CPU.ActiveCfg = Debug|Any CPU
		{338D16DF-114E-4CDF-A347-63FB8FF80A4D}.Debug|Any CPU.Build.0 = Debug|Any CPU
		{338D16DF-114E-4CDF-A347-63FB8FF80A4D}.Release|Any CPU.ActiveCfg = Release|Any CPU
		{338D16DF-114E-4CDF-A347-63FB8FF80A4D}.Release|Any CPU.Build.0 = Release|Any CPU
		{463AA04F-C0E4-4927-BE97-ECA7FF4A022E}.Debug|Any CPU.ActiveCfg = Debug|Any CPU
		{463AA04F-C0E4-4927-BE97-ECA7FF4A022E}.Debug|Any CPU.Build.0 = Debug|Any CPU
		{463AA04F-C0E4-4927-BE97-ECA7FF4A022E}.Release|Any CPU.ActiveCfg = Release|Any CPU
		{463AA04F-C0E4-4927-BE97-ECA7FF4A022E}.Release|Any CPU.Build.0 = Release|Any CPU
		{7D4E29C5-0095-420D-8175-C02E37CA5268}.Debug|Any CPU.ActiveCfg = Debug|Any CPU
		{7D4E29C5-0095-420D-8175-C02E37CA5268}.Debug|Any CPU.Build.0 = Debug|Any CPU
		{7D4E29C5-0095-420D-8175-C02E37CA5268}.Release|Any CPU.ActiveCfg = Release|Any CPU
		{7D4E29C5-0095-420D-8175-C02E37CA5268}.Release|Any CPU.Build.0 = Release|Any CPU
		{B57F73BB-4B32-43EF-8E97-03A471163D68}.Debug|Any CPU.ActiveCfg = Debug|Any CPU
		{B57F73BB-4B32-43EF-8E97-03A471163D68}.Debug|Any CPU.Build.0 = Debug|Any CPU
		{B57F73BB-4B32-43EF-8E97-03A471163D68}.Release|Any CPU.ActiveCfg = Release|Any CPU
		{B57F73BB-4B32-43EF-8E97-03A471163D68}.Release|Any CPU.Build.0 = Release|Any CPU
		{9F34B0AD-7079-4B16-B4B8-63E49DD3DAEF}.Debug|Any CPU.ActiveCfg = Debug|Any CPU
		{9F34B0AD-7079-4B16-B4B8-63E49DD3DAEF}.Debug|Any CPU.Build.0 = Debug|Any CPU
		{9F34B0AD-7079-4B16-B4B8-63E49DD3DAEF}.Release|Any CPU.ActiveCfg = Release|Any CPU
		{9F34B0AD-7079-4B16-B4B8-63E49DD3DAEF}.Release|Any CPU.Build.0 = Release|Any CPU
		{A34BB352-C6C7-489B-8932-37ABD5BD7C49}.Debug|Any CPU.ActiveCfg = Debug|Any CPU
		{A34BB352-C6C7-489B-8932-37ABD5BD7C49}.Debug|Any CPU.Build.0 = Debug|Any CPU
		{A34BB352-C6C7-489B-8932-37ABD5BD7C49}.Release|Any CPU.ActiveCfg = Release|Any CPU
		{A34BB352-C6C7-489B-8932-37ABD5BD7C49}.Release|Any CPU.Build.0 = Release|Any CPU
		{10A87C55-0D80-46E7-AB3C-35A79655D939}.Debug|Any CPU.ActiveCfg = Debug|Any CPU
		{10A87C55-0D80-46E7-AB3C-35A79655D939}.Debug|Any CPU.Build.0 = Debug|Any CPU
		{10A87C55-0D80-46E7-AB3C-35A79655D939}.Release|Any CPU.ActiveCfg = Release|Any CPU
		{10A87C55-0D80-46E7-AB3C-35A79655D939}.Release|Any CPU.Build.0 = Release|Any CPU
	EndGlobalSection
	GlobalSection(SolutionProperties) = preSolution
		HideSolutionNode = FALSE
	EndGlobalSection
	GlobalSection(ExtensibilityGlobals) = postSolution
		SolutionGuid = {E619F1C9-9DCA-4363-8281-159677D5E99D}
	EndGlobalSection
EndGlobal
